
Microsoft Visual Studio Solution File, Format Version 12.00
# Visual Studio Version 16
VisualStudioVersion = 16.0.30907.101
MinimumVisualStudioVersion = 10.0.40219.1
Project("{9A19103F-16F7-4668-BE54-9A1E7A4F7556}") = "NightClub.API", "src\NightClub.API\NightClub.API.csproj", "{D1EB3350-D32F-4861-9C8D-DD73B100C035}"
EndProject
Project("{9A19103F-16F7-4668-BE54-9A1E7A4F7556}") = "NightClub.Infrastructure", "src\NightClub.Infrastructure\NightClub.Infrastructure.csproj", "{9E774CC4-5F17-4A0A-AF3D-DA5C81224DF5}"
EndProject
Project("{9A19103F-16F7-4668-BE54-9A1E7A4F7556}") = "NightClub.Domain", "src\NightClub.Domain\NightClub.Domain.csproj", "{62528D8E-BF27-45EF-8AE6-E7A9E113EE8E}"
EndProject
Global
	GlobalSection(SolutionConfigurationPlatforms) = preSolution
		Debug|Any CPU = Debug|Any CPU
		Release|Any CPU = Release|Any CPU
	EndGlobalSection
	GlobalSection(ProjectConfigurationPlatforms) = postSolution
		{D1EB3350-D32F-4861-9C8D-DD73B100C035}.Debug|Any CPU.ActiveCfg = Debug|Any CPU
		{D1EB3350-D32F-4861-9C8D-DD73B100C035}.Debug|Any CPU.Build.0 = Debug|Any CPU
		{D1EB3350-D32F-4861-9C8D-DD73B100C035}.Release|Any CPU.ActiveCfg = Release|Any CPU
		{D1EB3350-D32F-4861-9C8D-DD73B100C035}.Release|Any CPU.Build.0 = Release|Any CPU
		{9E774CC4-5F17-4A0A-AF3D-DA5C81224DF5}.Debug|Any CPU.ActiveCfg = Debug|Any CPU
		{9E774CC4-5F17-4A0A-AF3D-DA5C81224DF5}.Debug|Any CPU.Build.0 = Debug|Any CPU
		{9E774CC4-5F17-4A0A-AF3D-DA5C81224DF5}.Release|Any CPU.ActiveCfg = Release|Any CPU
		{9E774CC4-5F17-4A0A-AF3D-DA5C81224DF5}.Release|Any CPU.Build.0 = Release|Any CPU
		{62528D8E-BF27-45EF-8AE6-E7A9E113EE8E}.Debug|Any CPU.ActiveCfg = Debug|Any CPU
		{62528D8E-BF27-45EF-8AE6-E7A9E113EE8E}.Debug|Any CPU.Build.0 = Debug|Any CPU
		{62528D8E-BF27-45EF-8AE6-E7A9E113EE8E}.Release|Any CPU.ActiveCfg = Release|Any CPU
		{62528D8E-BF27-45EF-8AE6-E7A9E113EE8E}.Release|Any CPU.Build.0 = Release|Any CPU
	EndGlobalSection
	GlobalSection(SolutionProperties) = preSolution
		HideSolutionNode = FALSE
	EndGlobalSection
	GlobalSection(ExtensibilityGlobals) = postSolution
		SolutionGuid = {46E79E8D-5605-488B-9C07-B5F99881C150}
	EndGlobalSection
EndGlobal
